<?xml version="1.0" encoding="utf-8"?>
<Project ToolsVersion="4.0" xmlns="http://schemas.microsoft.com/developer/msbuild/2003">
  <ItemGroup>
    <Filter Include="资源文件">
      <UniqueIdentifier>{67DA6AB6-F800-4c08-8B7A-83BB121AAD01}</UniqueIdentifier>
      <Extensions>rc;ico;cur;bmp;dlg;rc2;rct;bin;rgs;gif;jpg;jpeg;jpe;resx;tiff;tif;png;wav;mfcribbon-ms</Extensions>
    </Filter>
    <Filter Include="include">
      <UniqueIdentifier>{93995380-89BD-4b04-88EB-625FBE52EBFB}</UniqueIdentifier>
      <Extensions>h;hh;hpp;hxx;hm;inl;inc;xsd</Extensions>
    </Filter>
    <Filter Include="src">
      <UniqueIdentifier>{4FC737F1-C7A5-4376-A066-2A32D752A2FF}</UniqueIdentifier>
      <Extensions>cpp;c;cc;cxx;def;odl;idl;hpj;bat;asm;asmx</Extensions>
    </Filter>
    <Filter Include="include\Led3DFR">
      <UniqueIdentifier>{6cecc64b-3bbe-4c61-b51e-4a6492099ef2}</UniqueIdentifier>
    </Filter>
    <Filter Include="examples">
      <UniqueIdentifier>{7bd1972d-8218-440c-913a-6c59e4eabd89}</UniqueIdentifier>
    </Filter>
  </ItemGroup>
  <ItemGroup>
    <ClCompile Include="src\BasicFuncation.cpp">
      <Filter>src</Filter>
    </ClCompile>
    <ClCompile Include="src\CalcNormal.cpp">
      <Filter>src</Filter>
    </ClCompile>
    <ClCompile Include="src\FaceLandmark.cpp">
      <Filter>src</Filter>
    </ClCompile>
    <ClCompile Include="src\FaceRecognition.cpp">
      <Filter>src</Filter>
    </ClCompile>
    <ClCompile Include="src\FeatureExtractor.cpp">
      <Filter>src</Filter>
    </ClCompile>
    <ClCompile Include="src\ImageProcess.cpp">
      <Filter>src</Filter>
    </ClCompile>
    <ClCompile Include="src\KinectFusion.cpp">
      <Filter>src</Filter>
    </ClCompile>
    <ClCompile Include="examples\lock3dface_save_obj.cpp">
      <Filter>examples</Filter>
    </ClCompile>
  </ItemGroup>
  <ItemGroup>
    <ClInclude Include="include\Led3DFR\BasicFuncation.h">
      <Filter>include\Led3DFR</Filter>
    </ClInclude>
    <ClInclude Include="include\Led3DFR\CalcNormal.h">
      <Filter>include\Led3DFR</Filter>
    </ClInclude>
    <ClInclude Include="include\Led3DFR\FaceLandmark.h">
      <Filter>include\Led3DFR</Filter>
    </ClInclude>
    <ClInclude Include="include\Led3DFR\FaceRecognition.h">
      <Filter>include\Led3DFR</Filter>
    </ClInclude>
    <ClInclude Include="include\Led3DFR\FeatureExtractor.h">
      <Filter>include\Led3DFR</Filter>
    </ClInclude>
    <ClInclude Include="include\Led3DFR\ImageProcess.h">
      <Filter>include\Led3DFR</Filter>
    </ClInclude>
    <ClInclude Include="include\Led3DFR\KinectFusion.h">
      <Filter>include\Led3DFR</Filter>
    </ClInclude>
  </ItemGroup>
</Project>